// !$*UTF8*$!
{
	archiveVersion = 1;
	classes = {
	};
	objectVersion = 48;
	objects = {

/* Begin PBXBuildFile section */
		0733698C2234178400D6C593 /* PhotoViewController.swift in Sources */ = {isa = PBXBuildFile; fileRef = 0733698B2234178400D6C593 /* PhotoViewController.swift */; };
		073459D32228AF620097BADB /* KMPlaceholderTextView.swift in Sources */ = {isa = PBXBuildFile; fileRef = 073459D22228AF620097BADB /* KMPlaceholderTextView.swift */; };
		075F1A4E20448BB300C1D523 /* UIScreen+WineFest.swift in Sources */ = {isa = PBXBuildFile; fileRef = 075F1A4D20448BB300C1D523 /* UIScreen+WineFest.swift */; };
		07D53A9A2225AB10001DBC87 /* MedalFiltersViewController.swift in Sources */ = {isa = PBXBuildFile; fileRef = 07D53A992225AB10001DBC87 /* MedalFiltersViewController.swift */; };
		07F7CDE020407C4B00624437 /* AppDelegate.swift in Sources */ = {isa = PBXBuildFile; fileRef = 07F7CDDF20407C4B00624437 /* AppDelegate.swift */; };
		07F7CDE520407C4B00624437 /* Main.storyboard in Resources */ = {isa = PBXBuildFile; fileRef = 07F7CDE320407C4B00624437 /* Main.storyboard */; };
		07F7CDE720407C4B00624437 /* Assets.xcassets in Resources */ = {isa = PBXBuildFile; fileRef = 07F7CDE620407C4B00624437 /* Assets.xcassets */; };
		07F7CDEA20407C4B00624437 /* LaunchScreen.storyboard in Resources */ = {isa = PBXBuildFile; fileRef = 07F7CDE820407C4B00624437 /* LaunchScreen.storyboard */; };
		07F7CDFA204081A400624437 /* WineFestUI.swift in Sources */ = {isa = PBXBuildFile; fileRef = 07F7CDF9204081A400624437 /* WineFestUI.swift */; };
		07F7CDFC204081C400624437 /* NSRange+WineFest.swift in Sources */ = {isa = PBXBuildFile; fileRef = 07F7CDFB204081C400624437 /* NSRange+WineFest.swift */; };
		07F7CDFE204081D400624437 /* UIColor+WineFest.swift in Sources */ = {isa = PBXBuildFile; fileRef = 07F7CDFD204081D400624437 /* UIColor+WineFest.swift */; };
		07F7CE00204081DE00624437 /* UIFont+WineFest.swift in Sources */ = {isa = PBXBuildFile; fileRef = 07F7CDFF204081DE00624437 /* UIFont+WineFest.swift */; };
		07F7CE022040823A00624437 /* UIImage+WineFest.swift in Sources */ = {isa = PBXBuildFile; fileRef = 07F7CE012040823A00624437 /* UIImage+WineFest.swift */; };
		07F7CE042040825300624437 /* GTZoomableImageView.swift in Sources */ = {isa = PBXBuildFile; fileRef = 07F7CE032040825300624437 /* GTZoomableImageView.swift */; };
		07F7CE082040859E00624437 /* list.csv in Resources */ = {isa = PBXBuildFile; fileRef = 07F7CE062040859E00624437 /* list.csv */; };
		07F7CE0B2040861D00624437 /* BaseViewController.swift in Sources */ = {isa = PBXBuildFile; fileRef = 07F7CE0A2040861D00624437 /* BaseViewController.swift */; };
		07F7CE0D2040862F00624437 /* BaseTableViewController.swift in Sources */ = {isa = PBXBuildFile; fileRef = 07F7CE0C2040862F00624437 /* BaseTableViewController.swift */; };
		07F7CE0F2040863A00624437 /* BaseNavigationController.swift in Sources */ = {isa = PBXBuildFile; fileRef = 07F7CE0E2040863A00624437 /* BaseNavigationController.swift */; };
		07F7CE11204086B200624437 /* WineListViewController.swift in Sources */ = {isa = PBXBuildFile; fileRef = 07F7CE10204086B200624437 /* WineListViewController.swift */; };
		07F7CE13204086C000624437 /* WineViewController.swift in Sources */ = {isa = PBXBuildFile; fileRef = 07F7CE12204086C000624437 /* WineViewController.swift */; };
		07F7CE15204086CD00624437 /* NoteViewController.swift in Sources */ = {isa = PBXBuildFile; fileRef = 07F7CE14204086CD00624437 /* NoteViewController.swift */; };
		07F7CE17204086DB00624437 /* MapViewController.swift in Sources */ = {isa = PBXBuildFile; fileRef = 07F7CE16204086DB00624437 /* MapViewController.swift */; };
		07F7CE19204086EA00624437 /* FiltersViewController.swift in Sources */ = {isa = PBXBuildFile; fileRef = 07F7CE18204086EA00624437 /* FiltersViewController.swift */; };
		07F7CE1B204086F700624437 /* SearchViewController.swift in Sources */ = {isa = PBXBuildFile; fileRef = 07F7CE1A204086F700624437 /* SearchViewController.swift */; };
		07F7CE1D2040873E00624437 /* WineCell.swift in Sources */ = {isa = PBXBuildFile; fileRef = 07F7CE1C2040873E00624437 /* WineCell.swift */; };
		07F7CE1F2040875000624437 /* WineList.swift in Sources */ = {isa = PBXBuildFile; fileRef = 07F7CE1E2040875000624437 /* WineList.swift */; };
		07F7CE212040875700624437 /* Wine.swift in Sources */ = {isa = PBXBuildFile; fileRef = 07F7CE202040875700624437 /* Wine.swift */; };
		07F7CE232040876900624437 /* OrderedWineList.swift in Sources */ = {isa = PBXBuildFile; fileRef = 07F7CE222040876900624437 /* OrderedWineList.swift */; };
		07F7CE252040877300624437 /* FavoriteWineList.swift in Sources */ = {isa = PBXBuildFile; fileRef = 07F7CE242040877300624437 /* FavoriteWineList.swift */; };
		07F7CE272040877C00624437 /* TastedWineList.swift in Sources */ = {isa = PBXBuildFile; fileRef = 07F7CE262040877C00624437 /* TastedWineList.swift */; };
		07F7CE292040878600624437 /* Filters.swift in Sources */ = {isa = PBXBuildFile; fileRef = 07F7CE282040878600624437 /* Filters.swift */; };
		07F7CE2B2040878F00624437 /* SearchManager.swift in Sources */ = {isa = PBXBuildFile; fileRef = 07F7CE2A2040878F00624437 /* SearchManager.swift */; };
		07F7CE2D2040879D00624437 /* MapLocationManager.swift in Sources */ = {isa = PBXBuildFile; fileRef = 07F7CE2C2040879D00624437 /* MapLocationManager.swift */; };
		D6415257221975D500A8187B /* Utilities.swift in Sources */ = {isa = PBXBuildFile; fileRef = D6415256221975D500A8187B /* Utilities.swift */; };
/* End PBXBuildFile section */

/* Begin PBXFileReference section */
		0733698B2234178400D6C593 /* PhotoViewController.swift */ = {isa = PBXFileReference; lastKnownFileType = sourcecode.swift; path = PhotoViewController.swift; sourceTree = "<group>"; };
		073459D22228AF620097BADB /* KMPlaceholderTextView.swift */ = {isa = PBXFileReference; lastKnownFileType = sourcecode.swift; path = KMPlaceholderTextView.swift; sourceTree = "<group>"; };
		075F1A4D20448BB300C1D523 /* UIScreen+WineFest.swift */ = {isa = PBXFileReference; lastKnownFileType = sourcecode.swift; path = "UIScreen+WineFest.swift"; sourceTree = "<group>"; };
		07D53A992225AB10001DBC87 /* MedalFiltersViewController.swift */ = {isa = PBXFileReference; lastKnownFileType = sourcecode.swift; path = MedalFiltersViewController.swift; sourceTree = "<group>"; };
		07F7CDDC20407C4B00624437 /* CincyWineFest.app */ = {isa = PBXFileReference; explicitFileType = wrapper.application; includeInIndex = 0; path = CincyWineFest.app; sourceTree = BUILT_PRODUCTS_DIR; };
		07F7CDDF20407C4B00624437 /* AppDelegate.swift */ = {isa = PBXFileReference; lastKnownFileType = sourcecode.swift; path = AppDelegate.swift; sourceTree = "<group>"; };
		07F7CDE420407C4B00624437 /* Base */ = {isa = PBXFileReference; lastKnownFileType = file.storyboard; name = Base; path = Base.lproj/Main.storyboard; sourceTree = "<group>"; };
		07F7CDE620407C4B00624437 /* Assets.xcassets */ = {isa = PBXFileReference; lastKnownFileType = folder.assetcatalog; path = Assets.xcassets; sourceTree = "<group>"; };
		07F7CDE920407C4B00624437 /* Base */ = {isa = PBXFileReference; lastKnownFileType = file.storyboard; name = Base; path = Base.lproj/LaunchScreen.storyboard; sourceTree = "<group>"; };
		07F7CDEB20407C4B00624437 /* Info.plist */ = {isa = PBXFileReference; lastKnownFileType = text.plist.xml; path = Info.plist; sourceTree = "<group>"; };
		07F7CDF9204081A400624437 /* WineFestUI.swift */ = {isa = PBXFileReference; lastKnownFileType = sourcecode.swift; path = WineFestUI.swift; sourceTree = "<group>"; };
		07F7CDFB204081C400624437 /* NSRange+WineFest.swift */ = {isa = PBXFileReference; lastKnownFileType = sourcecode.swift; path = "NSRange+WineFest.swift"; sourceTree = "<group>"; };
		07F7CDFD204081D400624437 /* UIColor+WineFest.swift */ = {isa = PBXFileReference; lastKnownFileType = sourcecode.swift; path = "UIColor+WineFest.swift"; sourceTree = "<group>"; };
		07F7CDFF204081DE00624437 /* UIFont+WineFest.swift */ = {isa = PBXFileReference; lastKnownFileType = sourcecode.swift; path = "UIFont+WineFest.swift"; sourceTree = "<group>"; };
		07F7CE012040823A00624437 /* UIImage+WineFest.swift */ = {isa = PBXFileReference; lastKnownFileType = sourcecode.swift; path = "UIImage+WineFest.swift"; sourceTree = "<group>"; };
		07F7CE032040825300624437 /* GTZoomableImageView.swift */ = {isa = PBXFileReference; lastKnownFileType = sourcecode.swift; path = GTZoomableImageView.swift; sourceTree = "<group>"; };
		07F7CE062040859E00624437 /* list.csv */ = {isa = PBXFileReference; fileEncoding = 4; lastKnownFileType = text; name = list.csv; path = CincyWineFest/list.csv; sourceTree = SOURCE_ROOT; };
		07F7CE0A2040861D00624437 /* BaseViewController.swift */ = {isa = PBXFileReference; lastKnownFileType = sourcecode.swift; path = BaseViewController.swift; sourceTree = "<group>"; };
		07F7CE0C2040862F00624437 /* BaseTableViewController.swift */ = {isa = PBXFileReference; lastKnownFileType = sourcecode.swift; path = BaseTableViewController.swift; sourceTree = "<group>"; };
		07F7CE0E2040863A00624437 /* BaseNavigationController.swift */ = {isa = PBXFileReference; lastKnownFileType = sourcecode.swift; path = BaseNavigationController.swift; sourceTree = "<group>"; };
		07F7CE10204086B200624437 /* WineListViewController.swift */ = {isa = PBXFileReference; lastKnownFileType = sourcecode.swift; path = WineListViewController.swift; sourceTree = "<group>"; };
		07F7CE12204086C000624437 /* WineViewController.swift */ = {isa = PBXFileReference; lastKnownFileType = sourcecode.swift; path = WineViewController.swift; sourceTree = "<group>"; };
		07F7CE14204086CD00624437 /* NoteViewController.swift */ = {isa = PBXFileReference; lastKnownFileType = sourcecode.swift; path = NoteViewController.swift; sourceTree = "<group>"; };
		07F7CE16204086DB00624437 /* MapViewController.swift */ = {isa = PBXFileReference; lastKnownFileType = sourcecode.swift; path = MapViewController.swift; sourceTree = "<group>"; };
		07F7CE18204086EA00624437 /* FiltersViewController.swift */ = {isa = PBXFileReference; lastKnownFileType = sourcecode.swift; path = FiltersViewController.swift; sourceTree = "<group>"; };
		07F7CE1A204086F700624437 /* SearchViewController.swift */ = {isa = PBXFileReference; lastKnownFileType = sourcecode.swift; path = SearchViewController.swift; sourceTree = "<group>"; };
		07F7CE1C2040873E00624437 /* WineCell.swift */ = {isa = PBXFileReference; lastKnownFileType = sourcecode.swift; path = WineCell.swift; sourceTree = "<group>"; };
		07F7CE1E2040875000624437 /* WineList.swift */ = {isa = PBXFileReference; lastKnownFileType = sourcecode.swift; path = WineList.swift; sourceTree = "<group>"; };
		07F7CE202040875700624437 /* Wine.swift */ = {isa = PBXFileReference; lastKnownFileType = sourcecode.swift; path = Wine.swift; sourceTree = "<group>"; };
		07F7CE222040876900624437 /* OrderedWineList.swift */ = {isa = PBXFileReference; lastKnownFileType = sourcecode.swift; path = OrderedWineList.swift; sourceTree = "<group>"; };
		07F7CE242040877300624437 /* FavoriteWineList.swift */ = {isa = PBXFileReference; lastKnownFileType = sourcecode.swift; path = FavoriteWineList.swift; sourceTree = "<group>"; };
		07F7CE262040877C00624437 /* TastedWineList.swift */ = {isa = PBXFileReference; lastKnownFileType = sourcecode.swift; path = TastedWineList.swift; sourceTree = "<group>"; };
		07F7CE282040878600624437 /* Filters.swift */ = {isa = PBXFileReference; lastKnownFileType = sourcecode.swift; path = Filters.swift; sourceTree = "<group>"; };
		07F7CE2A2040878F00624437 /* SearchManager.swift */ = {isa = PBXFileReference; lastKnownFileType = sourcecode.swift; path = SearchManager.swift; sourceTree = "<group>"; };
		07F7CE2C2040879D00624437 /* MapLocationManager.swift */ = {isa = PBXFileReference; lastKnownFileType = sourcecode.swift; path = MapLocationManager.swift; sourceTree = "<group>"; };
		D6415256221975D500A8187B /* Utilities.swift */ = {isa = PBXFileReference; lastKnownFileType = sourcecode.swift; path = Utilities.swift; sourceTree = "<group>"; };
/* End PBXFileReference section */

/* Begin PBXFrameworksBuildPhase section */
		07F7CDD920407C4B00624437 /* Frameworks */ = {
			isa = PBXFrameworksBuildPhase;
			buildActionMask = 2147483647;
			files = (
			);
			runOnlyForDeploymentPostprocessing = 0;
		};
/* End PBXFrameworksBuildPhase section */

/* Begin PBXGroup section */
		07F7CDD320407C4B00624437 = {
			isa = PBXGroup;
			children = (
				07F7CDDE20407C4B00624437 /* CincyWineFest */,
				07F7CDDD20407C4B00624437 /* Products */,
			);
			sourceTree = "<group>";
		};
		07F7CDDD20407C4B00624437 /* Products */ = {
			isa = PBXGroup;
			children = (
				07F7CDDC20407C4B00624437 /* CincyWineFest.app */,
			);
			name = Products;
			sourceTree = "<group>";
		};
		07F7CDDE20407C4B00624437 /* CincyWineFest */ = {
			isa = PBXGroup;
			children = (
				07F7CDF220407C8200624437 /* App */,
				07F7CDF120407C7300624437 /* Resources */,
			);
			path = CincyWineFest;
			sourceTree = "<group>";
		};
		07F7CDF120407C7300624437 /* Resources */ = {
			isa = PBXGroup;
			children = (
				07F7CE062040859E00624437 /* list.csv */,
				07F7CDE620407C4B00624437 /* Assets.xcassets */,
				07F7CDE820407C4B00624437 /* LaunchScreen.storyboard */,
				07F7CDEB20407C4B00624437 /* Info.plist */,
			);
			path = Resources;
			sourceTree = "<group>";
		};
		07F7CDF220407C8200624437 /* App */ = {
			isa = PBXGroup;
			children = (
				07F7CDF820407CA900624437 /* AppDelegate */,
				07F7CDF720407CA300624437 /* ViewControllers */,
				07F7CDF620407C9F00624437 /* Views */,
				07F7CDF520407C9B00624437 /* Data */,
				07F7CDF420407C9600624437 /* Extensions */,
				07F7CDF320407C8700624437 /* ThirdParty */,
			);
			path = App;
			sourceTree = "<group>";
		};
		07F7CDF320407C8700624437 /* ThirdParty */ = {
			isa = PBXGroup;
			children = (
				07F7CE032040825300624437 /* GTZoomableImageView.swift */,
				073459D22228AF620097BADB /* KMPlaceholderTextView.swift */,
			);
			path = ThirdParty;
			sourceTree = "<group>";
		};
		07F7CDF420407C9600624437 /* Extensions */ = {
			isa = PBXGroup;
			children = (
				07F7CDF9204081A400624437 /* WineFestUI.swift */,
				07F7CDFB204081C400624437 /* NSRange+WineFest.swift */,
				07F7CDFD204081D400624437 /* UIColor+WineFest.swift */,
				07F7CDFF204081DE00624437 /* UIFont+WineFest.swift */,
				07F7CE012040823A00624437 /* UIImage+WineFest.swift */,
				075F1A4D20448BB300C1D523 /* UIScreen+WineFest.swift */,
				D6415256221975D500A8187B /* Utilities.swift */,
			);
			path = Extensions;
			sourceTree = "<group>";
		};
		07F7CDF520407C9B00624437 /* Data */ = {
			isa = PBXGroup;
			children = (
				07F7CE202040875700624437 /* Wine.swift */,
				07F7CE1E2040875000624437 /* WineList.swift */,
				07F7CE222040876900624437 /* OrderedWineList.swift */,
				07F7CE242040877300624437 /* FavoriteWineList.swift */,
				07F7CE262040877C00624437 /* TastedWineList.swift */,
				07F7CE282040878600624437 /* Filters.swift */,
				07F7CE2A2040878F00624437 /* SearchManager.swift */,
				07F7CE2C2040879D00624437 /* MapLocationManager.swift */,
			);
			path = Data;
			sourceTree = "<group>";
		};
		07F7CDF620407C9F00624437 /* Views */ = {
			isa = PBXGroup;
			children = (
				07F7CE1C2040873E00624437 /* WineCell.swift */,
			);
			path = Views;
			sourceTree = "<group>";
		};
		07F7CDF720407CA300624437 /* ViewControllers */ = {
			isa = PBXGroup;
			children = (
				07F7CE092040860B00624437 /* BaseViewControllers */,
				07F7CE10204086B200624437 /* WineListViewController.swift */,
				07F7CE12204086C000624437 /* WineViewController.swift */,
				07F7CE14204086CD00624437 /* NoteViewController.swift */,
				07F7CE16204086DB00624437 /* MapViewController.swift */,
				07F7CE18204086EA00624437 /* FiltersViewController.swift */,
				07D53A992225AB10001DBC87 /* MedalFiltersViewController.swift */,
				07F7CE1A204086F700624437 /* SearchViewController.swift */,
				0733698B2234178400D6C593 /* PhotoViewController.swift */,
				07F7CDE320407C4B00624437 /* Main.storyboard */,
			);
			path = ViewControllers;
			sourceTree = "<group>";
		};
		07F7CDF820407CA900624437 /* AppDelegate */ = {
			isa = PBXGroup;
			children = (
				07F7CDDF20407C4B00624437 /* AppDelegate.swift */,
			);
			path = AppDelegate;
			sourceTree = "<group>";
		};
		07F7CE092040860B00624437 /* BaseViewControllers */ = {
			isa = PBXGroup;
			children = (
				07F7CE0A2040861D00624437 /* BaseViewController.swift */,
				07F7CE0C2040862F00624437 /* BaseTableViewController.swift */,
				07F7CE0E2040863A00624437 /* BaseNavigationController.swift */,
			);
			path = BaseViewControllers;
			sourceTree = "<group>";
		};
/* End PBXGroup section */

/* Begin PBXNativeTarget section */
		07F7CDDB20407C4B00624437 /* CincyWineFest */ = {
			isa = PBXNativeTarget;
			buildConfigurationList = 07F7CDEE20407C4B00624437 /* Build configuration list for PBXNativeTarget "CincyWineFest" */;
			buildPhases = (
				07F7CDD820407C4B00624437 /* Sources */,
				07F7CDD920407C4B00624437 /* Frameworks */,
				07F7CDDA20407C4B00624437 /* Resources */,
			);
			buildRules = (
			);
			dependencies = (
			);
			name = CincyWineFest;
			productName = CincyWineFest;
			productReference = 07F7CDDC20407C4B00624437 /* CincyWineFest.app */;
			productType = "com.apple.product-type.application";
		};
/* End PBXNativeTarget section */

/* Begin PBXProject section */
		07F7CDD420407C4B00624437 /* Project object */ = {
			isa = PBXProject;
			attributes = {
				LastSwiftUpdateCheck = 0920;
				LastUpgradeCheck = 0920;
				ORGANIZATIONNAME = zigabytes;
				TargetAttributes = {
					07F7CDDB20407C4B00624437 = {
						CreatedOnToolsVersion = 9.2;
						ProvisioningStyle = Automatic;
					};
				};
			};
			buildConfigurationList = 07F7CDD720407C4B00624437 /* Build configuration list for PBXProject "CincyWineFest" */;
			compatibilityVersion = "Xcode 8.0";
			developmentRegion = en;
			hasScannedForEncodings = 0;
			knownRegions = (
				en,
				Base,
			);
			mainGroup = 07F7CDD320407C4B00624437;
			productRefGroup = 07F7CDDD20407C4B00624437 /* Products */;
			projectDirPath = "";
			projectRoot = "";
			targets = (
				07F7CDDB20407C4B00624437 /* CincyWineFest */,
			);
		};
/* End PBXProject section */

/* Begin PBXResourcesBuildPhase section */
		07F7CDDA20407C4B00624437 /* Resources */ = {
			isa = PBXResourcesBuildPhase;
			buildActionMask = 2147483647;
			files = (
				07F7CDEA20407C4B00624437 /* LaunchScreen.storyboard in Resources */,
				07F7CDE720407C4B00624437 /* Assets.xcassets in Resources */,
				07F7CE082040859E00624437 /* list.csv in Resources */,
				07F7CDE520407C4B00624437 /* Main.storyboard in Resources */,
			);
			runOnlyForDeploymentPostprocessing = 0;
		};
/* End PBXResourcesBuildPhase section */

/* Begin PBXSourcesBuildPhase section */
		07F7CDD820407C4B00624437 /* Sources */ = {
			isa = PBXSourcesBuildPhase;
			buildActionMask = 2147483647;
			files = (
				07F7CE15204086CD00624437 /* NoteViewController.swift in Sources */,
				07F7CE212040875700624437 /* Wine.swift in Sources */,
				07F7CE00204081DE00624437 /* UIFont+WineFest.swift in Sources */,
				07F7CE1B204086F700624437 /* SearchViewController.swift in Sources */,
				07F7CE0D2040862F00624437 /* BaseTableViewController.swift in Sources */,
				07F7CE1F2040875000624437 /* WineList.swift in Sources */,
				07F7CE252040877300624437 /* FavoriteWineList.swift in Sources */,
				073459D32228AF620097BADB /* KMPlaceholderTextView.swift in Sources */,
				07F7CE232040876900624437 /* OrderedWineList.swift in Sources */,
				07F7CE022040823A00624437 /* UIImage+WineFest.swift in Sources */,
				07F7CDE020407C4B00624437 /* AppDelegate.swift in Sources */,
				07F7CE292040878600624437 /* Filters.swift in Sources */,
				07F7CE11204086B200624437 /* WineListViewController.swift in Sources */,
				07F7CDFE204081D400624437 /* UIColor+WineFest.swift in Sources */,
				07F7CE0B2040861D00624437 /* BaseViewController.swift in Sources */,
				07F7CE272040877C00624437 /* TastedWineList.swift in Sources */,
				D6415257221975D500A8187B /* Utilities.swift in Sources */,
				07F7CE2B2040878F00624437 /* SearchManager.swift in Sources */,
				07F7CE0F2040863A00624437 /* BaseNavigationController.swift in Sources */,
				07F7CE13204086C000624437 /* WineViewController.swift in Sources */,
				075F1A4E20448BB300C1D523 /* UIScreen+WineFest.swift in Sources */,
				07F7CDFA204081A400624437 /* WineFestUI.swift in Sources */,
				07F7CE042040825300624437 /* GTZoomableImageView.swift in Sources */,
				07F7CE17204086DB00624437 /* MapViewController.swift in Sources */,
				07F7CE1D2040873E00624437 /* WineCell.swift in Sources */,
				07D53A9A2225AB10001DBC87 /* MedalFiltersViewController.swift in Sources */,
				07F7CE19204086EA00624437 /* FiltersViewController.swift in Sources */,
				07F7CDFC204081C400624437 /* NSRange+WineFest.swift in Sources */,
				07F7CE2D2040879D00624437 /* MapLocationManager.swift in Sources */,
				0733698C2234178400D6C593 /* PhotoViewController.swift in Sources */,
			);
			runOnlyForDeploymentPostprocessing = 0;
		};
/* End PBXSourcesBuildPhase section */

/* Begin PBXVariantGroup section */
		07F7CDE320407C4B00624437 /* Main.storyboard */ = {
			isa = PBXVariantGroup;
			children = (
				07F7CDE420407C4B00624437 /* Base */,
			);
			name = Main.storyboard;
			sourceTree = "<group>";
		};
		07F7CDE820407C4B00624437 /* LaunchScreen.storyboard */ = {
			isa = PBXVariantGroup;
			children = (
				07F7CDE920407C4B00624437 /* Base */,
			);
			name = LaunchScreen.storyboard;
			sourceTree = "<group>";
		};
/* End PBXVariantGroup section */

/* Begin XCBuildConfiguration section */
		07F7CDEC20407C4B00624437 /* Debug */ = {
			isa = XCBuildConfiguration;
			buildSettings = {
				ALWAYS_SEARCH_USER_PATHS = NO;
				CLANG_ANALYZER_NONNULL = YES;
				CLANG_ANALYZER_NUMBER_OBJECT_CONVERSION = YES_AGGRESSIVE;
				CLANG_CXX_LANGUAGE_STANDARD = "gnu++14";
				CLANG_CXX_LIBRARY = "libc++";
				CLANG_ENABLE_MODULES = YES;
				CLANG_ENABLE_OBJC_ARC = YES;
				CLANG_WARN_BLOCK_CAPTURE_AUTORELEASING = YES;
				CLANG_WARN_BOOL_CONVERSION = YES;
				CLANG_WARN_COMMA = YES;
				CLANG_WARN_CONSTANT_CONVERSION = YES;
				CLANG_WARN_DIRECT_OBJC_ISA_USAGE = YES_ERROR;
				CLANG_WARN_DOCUMENTATION_COMMENTS = YES;
				CLANG_WARN_EMPTY_BODY = YES;
				CLANG_WARN_ENUM_CONVERSION = YES;
				CLANG_WARN_INFINITE_RECURSION = YES;
				CLANG_WARN_INT_CONVERSION = YES;
				CLANG_WARN_NON_LITERAL_NULL_CONVERSION = YES;
				CLANG_WARN_OBJC_LITERAL_CONVERSION = YES;
				CLANG_WARN_OBJC_ROOT_CLASS = YES_ERROR;
				CLANG_WARN_RANGE_LOOP_ANALYSIS = YES;
				CLANG_WARN_STRICT_PROTOTYPES = YES;
				CLANG_WARN_SUSPICIOUS_MOVE = YES;
				CLANG_WARN_UNGUARDED_AVAILABILITY = YES_AGGRESSIVE;
				CLANG_WARN_UNREACHABLE_CODE = YES;
				CLANG_WARN__DUPLICATE_METHOD_MATCH = YES;
				CODE_SIGN_IDENTITY = "iPhone Developer";
				COPY_PHASE_STRIP = NO;
				DEBUG_INFORMATION_FORMAT = dwarf;
				ENABLE_STRICT_OBJC_MSGSEND = YES;
				ENABLE_TESTABILITY = YES;
				GCC_C_LANGUAGE_STANDARD = gnu11;
				GCC_DYNAMIC_NO_PIC = NO;
				GCC_NO_COMMON_BLOCKS = YES;
				GCC_OPTIMIZATION_LEVEL = 0;
				GCC_PREPROCESSOR_DEFINITIONS = (
					"DEBUG=1",
					"$(inherited)",
				);
				GCC_WARN_64_TO_32_BIT_CONVERSION = YES;
				GCC_WARN_ABOUT_RETURN_TYPE = YES_ERROR;
				GCC_WARN_UNDECLARED_SELECTOR = YES;
				GCC_WARN_UNINITIALIZED_AUTOS = YES_AGGRESSIVE;
				GCC_WARN_UNUSED_FUNCTION = YES;
				GCC_WARN_UNUSED_VARIABLE = YES;
				IPHONEOS_DEPLOYMENT_TARGET = 11.2;
				MTL_ENABLE_DEBUG_INFO = YES;
				ONLY_ACTIVE_ARCH = YES;
				SDKROOT = iphoneos;
				SWIFT_ACTIVE_COMPILATION_CONDITIONS = DEBUG;
				SWIFT_OPTIMIZATION_LEVEL = "-Onone";
			};
			name = Debug;
		};
		07F7CDED20407C4B00624437 /* Release */ = {
			isa = XCBuildConfiguration;
			buildSettings = {
				ALWAYS_SEARCH_USER_PATHS = NO;
				CLANG_ANALYZER_NONNULL = YES;
				CLANG_ANALYZER_NUMBER_OBJECT_CONVERSION = YES_AGGRESSIVE;
				CLANG_CXX_LANGUAGE_STANDARD = "gnu++14";
				CLANG_CXX_LIBRARY = "libc++";
				CLANG_ENABLE_MODULES = YES;
				CLANG_ENABLE_OBJC_ARC = YES;
				CLANG_WARN_BLOCK_CAPTURE_AUTORELEASING = YES;
				CLANG_WARN_BOOL_CONVERSION = YES;
				CLANG_WARN_COMMA = YES;
				CLANG_WARN_CONSTANT_CONVERSION = YES;
				CLANG_WARN_DIRECT_OBJC_ISA_USAGE = YES_ERROR;
				CLANG_WARN_DOCUMENTATION_COMMENTS = YES;
				CLANG_WARN_EMPTY_BODY = YES;
				CLANG_WARN_ENUM_CONVERSION = YES;
				CLANG_WARN_INFINITE_RECURSION = YES;
				CLANG_WARN_INT_CONVERSION = YES;
				CLANG_WARN_NON_LITERAL_NULL_CONVERSION = YES;
				CLANG_WARN_OBJC_LITERAL_CONVERSION = YES;
				CLANG_WARN_OBJC_ROOT_CLASS = YES_ERROR;
				CLANG_WARN_RANGE_LOOP_ANALYSIS = YES;
				CLANG_WARN_STRICT_PROTOTYPES = YES;
				CLANG_WARN_SUSPICIOUS_MOVE = YES;
				CLANG_WARN_UNGUARDED_AVAILABILITY = YES_AGGRESSIVE;
				CLANG_WARN_UNREACHABLE_CODE = YES;
				CLANG_WARN__DUPLICATE_METHOD_MATCH = YES;
				CODE_SIGN_IDENTITY = "iPhone Developer";
				COPY_PHASE_STRIP = NO;
				DEBUG_INFORMATION_FORMAT = "dwarf-with-dsym";
				ENABLE_NS_ASSERTIONS = NO;
				ENABLE_STRICT_OBJC_MSGSEND = YES;
				GCC_C_LANGUAGE_STANDARD = gnu11;
				GCC_NO_COMMON_BLOCKS = YES;
				GCC_WARN_64_TO_32_BIT_CONVERSION = YES;
				GCC_WARN_ABOUT_RETURN_TYPE = YES_ERROR;
				GCC_WARN_UNDECLARED_SELECTOR = YES;
				GCC_WARN_UNINITIALIZED_AUTOS = YES_AGGRESSIVE;
				GCC_WARN_UNUSED_FUNCTION = YES;
				GCC_WARN_UNUSED_VARIABLE = YES;
				IPHONEOS_DEPLOYMENT_TARGET = 11.2;
				MTL_ENABLE_DEBUG_INFO = NO;
				SDKROOT = iphoneos;
				SWIFT_OPTIMIZATION_LEVEL = "-Owholemodule";
				VALIDATE_PRODUCT = YES;
			};
			name = Release;
		};
		07F7CDEF20407C4B00624437 /* Debug */ = {
			isa = XCBuildConfiguration;
			buildSettings = {
				ASSETCATALOG_COMPILER_APPICON_NAME = AppIcon;
				CODE_SIGN_STYLE = Automatic;
				DEVELOPMENT_TEAM = MJA8334VZT;
				INFOPLIST_FILE = "$(SRCROOT)/CincyWineFest/Resources/Info.plist";
				IPHONEOS_DEPLOYMENT_TARGET = 11.0;
				LD_RUNPATH_SEARCH_PATHS = "$(inherited) @executable_path/Frameworks";
				PRODUCT_BUNDLE_IDENTIFIER = com.zigabytes.CincyWineFest;
				PRODUCT_NAME = "$(TARGET_NAME)";
				SWIFT_VERSION = 4.0;
				TARGETED_DEVICE_FAMILY = 1;
			};
			name = Debug;
		};
		07F7CDF020407C4B00624437 /* Release */ = {
			isa = XCBuildConfiguration;
			buildSettings = {
				ASSETCATALOG_COMPILER_APPICON_NAME = AppIcon;
				CODE_SIGN_STYLE = Automatic;
				DEVELOPMENT_TEAM = MJA8334VZT;
				INFOPLIST_FILE = "$(SRCROOT)/CincyWineFest/Resources/Info.plist";
				IPHONEOS_DEPLOYMENT_TARGET = 11.0;
				LD_RUNPATH_SEARCH_PATHS = "$(inherited) @executable_path/Frameworks";
				PRODUCT_BUNDLE_IDENTIFIER = com.zigabytes.CincyWineFest;
				PRODUCT_NAME = "$(TARGET_NAME)";
				SWIFT_VERSION = 4.0;
				TARGETED_DEVICE_FAMILY = 1;
			};
			name = Release;
		};
/* End XCBuildConfiguration section */

/* Begin XCConfigurationList section */
		07F7CDD720407C4B00624437 /* Build configuration list for PBXProject "CincyWineFest" */ = {
			isa = XCConfigurationList;
			buildConfigurations = (
				07F7CDEC20407C4B00624437 /* Debug */,
				07F7CDED20407C4B00624437 /* Release */,
			);
			defaultConfigurationIsVisible = 0;
			defaultConfigurationName = Release;
		};
		07F7CDEE20407C4B00624437 /* Build configuration list for PBXNativeTarget "CincyWineFest" */ = {
			isa = XCConfigurationList;
			buildConfigurations = (
				07F7CDEF20407C4B00624437 /* Debug */,
				07F7CDF020407C4B00624437 /* Release */,
			);
			defaultConfigurationIsVisible = 0;
			defaultConfigurationName = Release;
		};
/* End XCConfigurationList section */
	};
	rootObject = 07F7CDD420407C4B00624437 /* Project object */;
}
