// !$*UTF8*$!
{
	archiveVersion = 1;
	classes = {
	};
	objectVersion = 56;
	objects = {

/* Begin PBXBuildFile section */
		78774BD12B9410A900348786 /* CincyWineFestApp.swift in Sources */ = {isa = PBXBuildFile; fileRef = 78774BD02B9410A900348786 /* CincyWineFestApp.swift */; };
		78774BD32B9410A900348786 /* ContentView.swift in Sources */ = {isa = PBXBuildFile; fileRef = 78774BD22B9410A900348786 /* ContentView.swift */; };
		78774BD52B9410AA00348786 /* Assets.xcassets in Resources */ = {isa = PBXBuildFile; fileRef = 78774BD42B9410AA00348786 /* Assets.xcassets */; };
		78774BD82B9410AA00348786 /* Preview Assets.xcassets in Resources */ = {isa = PBXBuildFile; fileRef = 78774BD72B9410AA00348786 /* Preview Assets.xcassets */; };
		78774BEC2B94124A00348786 /* Colors.xcassets in Resources */ = {isa = PBXBuildFile; fileRef = 78774BEB2B94124A00348786 /* Colors.xcassets */; };
		78774BF72B94300D00348786 /* Inter-ExtraLight.ttf in Resources */ = {isa = PBXBuildFile; fileRef = 78774BEE2B94300D00348786 /* Inter-ExtraLight.ttf */; };
		78774BF82B94300D00348786 /* Inter-Thin.ttf in Resources */ = {isa = PBXBuildFile; fileRef = 78774BEF2B94300D00348786 /* Inter-Thin.ttf */; };
		78774BF92B94300D00348786 /* Inter-Black.ttf in Resources */ = {isa = PBXBuildFile; fileRef = 78774BF02B94300D00348786 /* Inter-Black.ttf */; };
		78774BFA2B94300D00348786 /* Inter-SemiBold.ttf in Resources */ = {isa = PBXBuildFile; fileRef = 78774BF12B94300D00348786 /* Inter-SemiBold.ttf */; };
		78774BFB2B94300D00348786 /* Inter-ExtraBold.ttf in Resources */ = {isa = PBXBuildFile; fileRef = 78774BF22B94300D00348786 /* Inter-ExtraBold.ttf */; };
		78774BFC2B94300D00348786 /* Inter-Light.ttf in Resources */ = {isa = PBXBuildFile; fileRef = 78774BF32B94300D00348786 /* Inter-Light.ttf */; };
		78774BFD2B94300D00348786 /* Inter-Medium.ttf in Resources */ = {isa = PBXBuildFile; fileRef = 78774BF42B94300D00348786 /* Inter-Medium.ttf */; };
		78774BFE2B94300D00348786 /* Inter-Regular.ttf in Resources */ = {isa = PBXBuildFile; fileRef = 78774BF52B94300D00348786 /* Inter-Regular.ttf */; };
		78774BFF2B94300D00348786 /* Inter-Bold.ttf in Resources */ = {isa = PBXBuildFile; fileRef = 78774BF62B94300D00348786 /* Inter-Bold.ttf */; };
		78774C022B94307300348786 /* Font+Extensions.swift in Sources */ = {isa = PBXBuildFile; fileRef = 78774C012B94307300348786 /* Font+Extensions.swift */; };
/* End PBXBuildFile section */

/* Begin PBXFileReference section */
		78774BCD2B9410A900348786 /* CincyWineFest.app */ = {isa = PBXFileReference; explicitFileType = wrapper.application; includeInIndex = 0; path = CincyWineFest.app; sourceTree = BUILT_PRODUCTS_DIR; };
		78774BD02B9410A900348786 /* CincyWineFestApp.swift */ = {isa = PBXFileReference; lastKnownFileType = sourcecode.swift; path = CincyWineFestApp.swift; sourceTree = "<group>"; };
		78774BD22B9410A900348786 /* ContentView.swift */ = {isa = PBXFileReference; lastKnownFileType = sourcecode.swift; path = ContentView.swift; sourceTree = "<group>"; };
		78774BD42B9410AA00348786 /* Assets.xcassets */ = {isa = PBXFileReference; lastKnownFileType = folder.assetcatalog; path = Assets.xcassets; sourceTree = "<group>"; };
		78774BD72B9410AA00348786 /* Preview Assets.xcassets */ = {isa = PBXFileReference; lastKnownFileType = folder.assetcatalog; path = "Preview Assets.xcassets"; sourceTree = "<group>"; };
		78774BEB2B94124A00348786 /* Colors.xcassets */ = {isa = PBXFileReference; lastKnownFileType = folder.assetcatalog; path = Colors.xcassets; sourceTree = "<group>"; };
		78774BEE2B94300D00348786 /* Inter-ExtraLight.ttf */ = {isa = PBXFileReference; lastKnownFileType = file; path = "Inter-ExtraLight.ttf"; sourceTree = "<group>"; };
		78774BEF2B94300D00348786 /* Inter-Thin.ttf */ = {isa = PBXFileReference; lastKnownFileType = file; path = "Inter-Thin.ttf"; sourceTree = "<group>"; };
		78774BF02B94300D00348786 /* Inter-Black.ttf */ = {isa = PBXFileReference; lastKnownFileType = file; path = "Inter-Black.ttf"; sourceTree = "<group>"; };
		78774BF12B94300D00348786 /* Inter-SemiBold.ttf */ = {isa = PBXFileReference; lastKnownFileType = file; path = "Inter-SemiBold.ttf"; sourceTree = "<group>"; };
		78774BF22B94300D00348786 /* Inter-ExtraBold.ttf */ = {isa = PBXFileReference; lastKnownFileType = file; path = "Inter-ExtraBold.ttf"; sourceTree = "<group>"; };
		78774BF32B94300D00348786 /* Inter-Light.ttf */ = {isa = PBXFileReference; lastKnownFileType = file; path = "Inter-Light.ttf"; sourceTree = "<group>"; };
		78774BF42B94300D00348786 /* Inter-Medium.ttf */ = {isa = PBXFileReference; lastKnownFileType = file; path = "Inter-Medium.ttf"; sourceTree = "<group>"; };
		78774BF52B94300D00348786 /* Inter-Regular.ttf */ = {isa = PBXFileReference; lastKnownFileType = file; path = "Inter-Regular.ttf"; sourceTree = "<group>"; };
		78774BF62B94300D00348786 /* Inter-Bold.ttf */ = {isa = PBXFileReference; lastKnownFileType = file; path = "Inter-Bold.ttf"; sourceTree = "<group>"; };
		78774C002B94302400348786 /* Info.plist */ = {isa = PBXFileReference; lastKnownFileType = text.plist; path = Info.plist; sourceTree = "<group>"; };
		78774C012B94307300348786 /* Font+Extensions.swift */ = {isa = PBXFileReference; lastKnownFileType = sourcecode.swift; path = "Font+Extensions.swift"; sourceTree = "<group>"; };
/* End PBXFileReference section */

/* Begin PBXFrameworksBuildPhase section */
		78774BCA2B9410A900348786 /* Frameworks */ = {
			isa = PBXFrameworksBuildPhase;
			buildActionMask = 2147483647;
			files = (
			);
			runOnlyForDeploymentPostprocessing = 0;
		};
/* End PBXFrameworksBuildPhase section */

/* Begin PBXGroup section */
		78774BC42B9410A900348786 = {
			isa = PBXGroup;
			children = (
				78774BCF2B9410A900348786 /* CincyWineFest */,
				78774BCE2B9410A900348786 /* Products */,
			);
			sourceTree = "<group>";
		};
		78774BCE2B9410A900348786 /* Products */ = {
			isa = PBXGroup;
			children = (
				78774BCD2B9410A900348786 /* CincyWineFest.app */,
			);
			name = Products;
			sourceTree = "<group>";
		};
		78774BCF2B9410A900348786 /* CincyWineFest */ = {
			isa = PBXGroup;
			children = (
				78774C002B94302400348786 /* Info.plist */,
				78774BDE2B9410D000348786 /* App */,
				78774BDF2B9410D600348786 /* Domain */,
				78774BE02B9410DF00348786 /* Presentation */,
				78774BE12B9410E400348786 /* Utilities */,
				78774BE22B9410E800348786 /* SupportFiles */,
				78774BD62B9410AA00348786 /* Preview Content */,
			);
			path = CincyWineFest;
			sourceTree = "<group>";
		};
		78774BD62B9410AA00348786 /* Preview Content */ = {
			isa = PBXGroup;
			children = (
				78774BD72B9410AA00348786 /* Preview Assets.xcassets */,
			);
			path = "Preview Content";
			sourceTree = "<group>";
		};
		78774BDE2B9410D000348786 /* App */ = {
			isa = PBXGroup;
			children = (
				78774BD02B9410A900348786 /* CincyWineFestApp.swift */,
			);
			path = App;
			sourceTree = "<group>";
		};
		78774BDF2B9410D600348786 /* Domain */ = {
			isa = PBXGroup;
			children = (
				78774BE32B94121000348786 /* Models */,
				78774BE42B94121500348786 /* Repositories */,
				78774BE52B94121900348786 /* Services */,
			);
			path = Domain;
			sourceTree = "<group>";
		};
		78774BE02B9410DF00348786 /* Presentation */ = {
			isa = PBXGroup;
			children = (
				78774BD22B9410A900348786 /* ContentView.swift */,
			);
			path = Presentation;
			sourceTree = "<group>";
		};
		78774BE12B9410E400348786 /* Utilities */ = {
			isa = PBXGroup;
			children = (
				78774BEA2B94123A00348786 /* Components */,
				78774BE92B94123600348786 /* Extensions */,
				78774BE82B94123200348786 /* Helpers */,
				78774BE72B94122E00348786 /* Managers */,
				78774BE62B94122A00348786 /* Modifers */,
			);
			path = Utilities;
			sourceTree = "<group>";
		};
		78774BE22B9410E800348786 /* SupportFiles */ = {
			isa = PBXGroup;
			children = (
				78774BED2B942FFF00348786 /* Fonts */,
				78774BD42B9410AA00348786 /* Assets.xcassets */,
				78774BEB2B94124A00348786 /* Colors.xcassets */,
			);
			path = SupportFiles;
			sourceTree = "<group>";
		};
		78774BE32B94121000348786 /* Models */ = {
			isa = PBXGroup;
			children = (
			);
			path = Models;
			sourceTree = "<group>";
		};
		78774BE42B94121500348786 /* Repositories */ = {
			isa = PBXGroup;
			children = (
			);
			path = Repositories;
			sourceTree = "<group>";
		};
		78774BE52B94121900348786 /* Services */ = {
			isa = PBXGroup;
			children = (
			);
			path = Services;
			sourceTree = "<group>";
		};
		78774BE62B94122A00348786 /* Modifers */ = {
			isa = PBXGroup;
			children = (
			);
			path = Modifers;
			sourceTree = "<group>";
		};
		78774BE72B94122E00348786 /* Managers */ = {
			isa = PBXGroup;
			children = (
			);
			path = Managers;
			sourceTree = "<group>";
		};
		78774BE82B94123200348786 /* Helpers */ = {
			isa = PBXGroup;
			children = (
			);
			path = Helpers;
			sourceTree = "<group>";
		};
		78774BE92B94123600348786 /* Extensions */ = {
			isa = PBXGroup;
			children = (
				78774C012B94307300348786 /* Font+Extensions.swift */,
			);
			path = Extensions;
			sourceTree = "<group>";
		};
		78774BEA2B94123A00348786 /* Components */ = {
			isa = PBXGroup;
			children = (
			);
			path = Components;
			sourceTree = "<group>";
		};
		78774BED2B942FFF00348786 /* Fonts */ = {
			isa = PBXGroup;
			children = (
				78774BF02B94300D00348786 /* Inter-Black.ttf */,
				78774BF62B94300D00348786 /* Inter-Bold.ttf */,
				78774BF22B94300D00348786 /* Inter-ExtraBold.ttf */,
				78774BEE2B94300D00348786 /* Inter-ExtraLight.ttf */,
				78774BF32B94300D00348786 /* Inter-Light.ttf */,
				78774BF42B94300D00348786 /* Inter-Medium.ttf */,
				78774BF52B94300D00348786 /* Inter-Regular.ttf */,
				78774BF12B94300D00348786 /* Inter-SemiBold.ttf */,
				78774BEF2B94300D00348786 /* Inter-Thin.ttf */,
			);
			path = Fonts;
			sourceTree = "<group>";
		};
/* End PBXGroup section */

/* Begin PBXNativeTarget section */
		78774BCC2B9410A900348786 /* CincyWineFest */ = {
			isa = PBXNativeTarget;
			buildConfigurationList = 78774BDB2B9410AA00348786 /* Build configuration list for PBXNativeTarget "CincyWineFest" */;
			buildPhases = (
				78774BC92B9410A900348786 /* Sources */,
				78774BCA2B9410A900348786 /* Frameworks */,
				78774BCB2B9410A900348786 /* Resources */,
			);
			buildRules = (
			);
			dependencies = (
			);
			name = CincyWineFest;
			productName = CincyWineFest;
			productReference = 78774BCD2B9410A900348786 /* CincyWineFest.app */;
			productType = "com.apple.product-type.application";
		};
/* End PBXNativeTarget section */

/* Begin PBXProject section */
		78774BC52B9410A900348786 /* Project object */ = {
			isa = PBXProject;
			attributes = {
				BuildIndependentTargetsInParallel = 1;
				LastSwiftUpdateCheck = 1510;
				LastUpgradeCheck = 1510;
				TargetAttributes = {
					78774BCC2B9410A900348786 = {
						CreatedOnToolsVersion = 15.1;
					};
				};
			};
			buildConfigurationList = 78774BC82B9410A900348786 /* Build configuration list for PBXProject "CincyWineFest" */;
			compatibilityVersion = "Xcode 14.0";
			developmentRegion = en;
			hasScannedForEncodings = 0;
			knownRegions = (
				en,
				Base,
			);
			mainGroup = 78774BC42B9410A900348786;
			productRefGroup = 78774BCE2B9410A900348786 /* Products */;
			projectDirPath = "";
			projectRoot = "";
			targets = (
				78774BCC2B9410A900348786 /* CincyWineFest */,
			);
		};
/* End PBXProject section */

/* Begin PBXResourcesBuildPhase section */
		78774BCB2B9410A900348786 /* Resources */ = {
			isa = PBXResourcesBuildPhase;
			buildActionMask = 2147483647;
			files = (
				78774BEC2B94124A00348786 /* Colors.xcassets in Resources */,
				78774BFC2B94300D00348786 /* Inter-Light.ttf in Resources */,
				78774BF92B94300D00348786 /* Inter-Black.ttf in Resources */,
				78774BD82B9410AA00348786 /* Preview Assets.xcassets in Resources */,
				78774BFB2B94300D00348786 /* Inter-ExtraBold.ttf in Resources */,
				78774BD52B9410AA00348786 /* Assets.xcassets in Resources */,
				78774BFF2B94300D00348786 /* Inter-Bold.ttf in Resources */,
				78774BF82B94300D00348786 /* Inter-Thin.ttf in Resources */,
				78774BF72B94300D00348786 /* Inter-ExtraLight.ttf in Resources */,
				78774BFE2B94300D00348786 /* Inter-Regular.ttf in Resources */,
				78774BFD2B94300D00348786 /* Inter-Medium.ttf in Resources */,
				78774BFA2B94300D00348786 /* Inter-SemiBold.ttf in Resources */,
			);
			runOnlyForDeploymentPostprocessing = 0;
		};
/* End PBXResourcesBuildPhase section */

/* Begin PBXSourcesBuildPhase section */
		78774BC92B9410A900348786 /* Sources */ = {
			isa = PBXSourcesBuildPhase;
			buildActionMask = 2147483647;
			files = (
				78774C022B94307300348786 /* Font+Extensions.swift in Sources */,
				78774BD32B9410A900348786 /* ContentView.swift in Sources */,
				78774BD12B9410A900348786 /* CincyWineFestApp.swift in Sources */,
			);
			runOnlyForDeploymentPostprocessing = 0;
		};
/* End PBXSourcesBuildPhase section */

/* Begin XCBuildConfiguration section */
		78774BD92B9410AA00348786 /* Debug */ = {
			isa = XCBuildConfiguration;
			buildSettings = {
				ALWAYS_SEARCH_USER_PATHS = NO;
				ASSETCATALOG_COMPILER_GENERATE_SWIFT_ASSET_SYMBOL_EXTENSIONS = YES;
				CLANG_ANALYZER_NONNULL = YES;
				CLANG_ANALYZER_NUMBER_OBJECT_CONVERSION = YES_AGGRESSIVE;
				CLANG_CXX_LANGUAGE_STANDARD = "gnu++20";
				CLANG_ENABLE_MODULES = YES;
				CLANG_ENABLE_OBJC_ARC = YES;
				CLANG_ENABLE_OBJC_WEAK = YES;
				CLANG_WARN_BLOCK_CAPTURE_AUTORELEASING = YES;
				CLANG_WARN_BOOL_CONVERSION = YES;
				CLANG_WARN_COMMA = YES;
				CLANG_WARN_CONSTANT_CONVERSION = YES;
				CLANG_WARN_DEPRECATED_OBJC_IMPLEMENTATIONS = YES;
				CLANG_WARN_DIRECT_OBJC_ISA_USAGE = YES_ERROR;
				CLANG_WARN_DOCUMENTATION_COMMENTS = YES;
				CLANG_WARN_EMPTY_BODY = YES;
				CLANG_WARN_ENUM_CONVERSION = YES;
				CLANG_WARN_INFINITE_RECURSION = YES;
				CLANG_WARN_INT_CONVERSION = YES;
				CLANG_WARN_NON_LITERAL_NULL_CONVERSION = YES;
				CLANG_WARN_OBJC_IMPLICIT_RETAIN_SELF = YES;
				CLANG_WARN_OBJC_LITERAL_CONVERSION = YES;
				CLANG_WARN_OBJC_ROOT_CLASS = YES_ERROR;
				CLANG_WARN_QUOTED_INCLUDE_IN_FRAMEWORK_HEADER = YES;
				CLANG_WARN_RANGE_LOOP_ANALYSIS = YES;
				CLANG_WARN_STRICT_PROTOTYPES = YES;
				CLANG_WARN_SUSPICIOUS_MOVE = YES;
				CLANG_WARN_UNGUARDED_AVAILABILITY = YES_AGGRESSIVE;
				CLANG_WARN_UNREACHABLE_CODE = YES;
				CLANG_WARN__DUPLICATE_METHOD_MATCH = YES;
				COPY_PHASE_STRIP = NO;
				DEBUG_INFORMATION_FORMAT = dwarf;
				ENABLE_STRICT_OBJC_MSGSEND = YES;
				ENABLE_TESTABILITY = YES;
				ENABLE_USER_SCRIPT_SANDBOXING = YES;
				GCC_C_LANGUAGE_STANDARD = gnu17;
				GCC_DYNAMIC_NO_PIC = NO;
				GCC_NO_COMMON_BLOCKS = YES;
				GCC_OPTIMIZATION_LEVEL = 0;
				GCC_PREPROCESSOR_DEFINITIONS = (
					"DEBUG=1",
					"$(inherited)",
				);
				GCC_WARN_64_TO_32_BIT_CONVERSION = YES;
				GCC_WARN_ABOUT_RETURN_TYPE = YES_ERROR;
				GCC_WARN_UNDECLARED_SELECTOR = YES;
				GCC_WARN_UNINITIALIZED_AUTOS = YES_AGGRESSIVE;
				GCC_WARN_UNUSED_FUNCTION = YES;
				GCC_WARN_UNUSED_VARIABLE = YES;
				IPHONEOS_DEPLOYMENT_TARGET = 17.2;
				LOCALIZATION_PREFERS_STRING_CATALOGS = YES;
				MTL_ENABLE_DEBUG_INFO = INCLUDE_SOURCE;
				MTL_FAST_MATH = YES;
				ONLY_ACTIVE_ARCH = YES;
				SDKROOT = iphoneos;
				SWIFT_ACTIVE_COMPILATION_CONDITIONS = "DEBUG $(inherited)";
				SWIFT_OPTIMIZATION_LEVEL = "-Onone";
			};
			name = Debug;
		};
		78774BDA2B9410AA00348786 /* Release */ = {
			isa = XCBuildConfiguration;
			buildSettings = {
				ALWAYS_SEARCH_USER_PATHS = NO;
				ASSETCATALOG_COMPILER_GENERATE_SWIFT_ASSET_SYMBOL_EXTENSIONS = YES;
				CLANG_ANALYZER_NONNULL = YES;
				CLANG_ANALYZER_NUMBER_OBJECT_CONVERSION = YES_AGGRESSIVE;
				CLANG_CXX_LANGUAGE_STANDARD = "gnu++20";
				CLANG_ENABLE_MODULES = YES;
				CLANG_ENABLE_OBJC_ARC = YES;
				CLANG_ENABLE_OBJC_WEAK = YES;
				CLANG_WARN_BLOCK_CAPTURE_AUTORELEASING = YES;
				CLANG_WARN_BOOL_CONVERSION = YES;
				CLANG_WARN_COMMA = YES;
				CLANG_WARN_CONSTANT_CONVERSION = YES;
				CLANG_WARN_DEPRECATED_OBJC_IMPLEMENTATIONS = YES;
				CLANG_WARN_DIRECT_OBJC_ISA_USAGE = YES_ERROR;
				CLANG_WARN_DOCUMENTATION_COMMENTS = YES;
				CLANG_WARN_EMPTY_BODY = YES;
				CLANG_WARN_ENUM_CONVERSION = YES;
				CLANG_WARN_INFINITE_RECURSION = YES;
				CLANG_WARN_INT_CONVERSION = YES;
				CLANG_WARN_NON_LITERAL_NULL_CONVERSION = YES;
				CLANG_WARN_OBJC_IMPLICIT_RETAIN_SELF = YES;
				CLANG_WARN_OBJC_LITERAL_CONVERSION = YES;
				CLANG_WARN_OBJC_ROOT_CLASS = YES_ERROR;
				CLANG_WARN_QUOTED_INCLUDE_IN_FRAMEWORK_HEADER = YES;
				CLANG_WARN_RANGE_LOOP_ANALYSIS = YES;
				CLANG_WARN_STRICT_PROTOTYPES = YES;
				CLANG_WARN_SUSPICIOUS_MOVE = YES;
				CLANG_WARN_UNGUARDED_AVAILABILITY = YES_AGGRESSIVE;
				CLANG_WARN_UNREACHABLE_CODE = YES;
				CLANG_WARN__DUPLICATE_METHOD_MATCH = YES;
				COPY_PHASE_STRIP = NO;
				DEBUG_INFORMATION_FORMAT = "dwarf-with-dsym";
				ENABLE_NS_ASSERTIONS = NO;
				ENABLE_STRICT_OBJC_MSGSEND = YES;
				ENABLE_USER_SCRIPT_SANDBOXING = YES;
				GCC_C_LANGUAGE_STANDARD = gnu17;
				GCC_NO_COMMON_BLOCKS = YES;
				GCC_WARN_64_TO_32_BIT_CONVERSION = YES;
				GCC_WARN_ABOUT_RETURN_TYPE = YES_ERROR;
				GCC_WARN_UNDECLARED_SELECTOR = YES;
				GCC_WARN_UNINITIALIZED_AUTOS = YES_AGGRESSIVE;
				GCC_WARN_UNUSED_FUNCTION = YES;
				GCC_WARN_UNUSED_VARIABLE = YES;
				IPHONEOS_DEPLOYMENT_TARGET = 17.2;
				LOCALIZATION_PREFERS_STRING_CATALOGS = YES;
				MTL_ENABLE_DEBUG_INFO = NO;
				MTL_FAST_MATH = YES;
				SDKROOT = iphoneos;
				SWIFT_COMPILATION_MODE = wholemodule;
				VALIDATE_PRODUCT = YES;
			};
			name = Release;
		};
		78774BDC2B9410AA00348786 /* Debug */ = {
			isa = XCBuildConfiguration;
			buildSettings = {
				ASSETCATALOG_COMPILER_APPICON_NAME = AppIcon;
				ASSETCATALOG_COMPILER_GLOBAL_ACCENT_COLOR_NAME = AccentColor;
				CODE_SIGN_STYLE = Automatic;
				CURRENT_PROJECT_VERSION = 43;
				DEVELOPMENT_ASSET_PATHS = "\"CincyWineFest/Preview Content\"";
				DEVELOPMENT_TEAM = MJA8334VZT;
				ENABLE_PREVIEWS = YES;
				GENERATE_INFOPLIST_FILE = YES;
				INFOPLIST_FILE = CincyWineFest/Info.plist;
				INFOPLIST_KEY_UIApplicationSceneManifest_Generation = YES;
				INFOPLIST_KEY_UIApplicationSupportsIndirectInputEvents = YES;
				INFOPLIST_KEY_UILaunchScreen_Generation = YES;
				INFOPLIST_KEY_UIRequiresFullScreen = YES;
				INFOPLIST_KEY_UISupportedInterfaceOrientations = UIInterfaceOrientationPortrait;
				IPHONEOS_DEPLOYMENT_TARGET = 16.0;
				LD_RUNPATH_SEARCH_PATHS = (
					"$(inherited)",
					"@executable_path/Frameworks",
				);
				MARKETING_VERSION = 3.0;
				PRODUCT_BUNDLE_IDENTIFIER = com.zigamajig.CincyWineFest;
				PRODUCT_NAME = "$(TARGET_NAME)";
				SUPPORTED_PLATFORMS = "iphoneos iphonesimulator";
				SUPPORTS_MACCATALYST = NO;
				SWIFT_EMIT_LOC_STRINGS = YES;
				SWIFT_VERSION = 5.0;
				TARGETED_DEVICE_FAMILY = 1;
			};
			name = Debug;
		};
		78774BDD2B9410AA00348786 /* Release */ = {
			isa = XCBuildConfiguration;
			buildSettings = {
				ASSETCATALOG_COMPILER_APPICON_NAME = AppIcon;
				ASSETCATALOG_COMPILER_GLOBAL_ACCENT_COLOR_NAME = AccentColor;
				CODE_SIGN_STYLE = Automatic;
				CURRENT_PROJECT_VERSION = 43;
				DEVELOPMENT_ASSET_PATHS = "\"CincyWineFest/Preview Content\"";
				DEVELOPMENT_TEAM = MJA8334VZT;
				ENABLE_PREVIEWS = YES;
				GENERATE_INFOPLIST_FILE = YES;
				INFOPLIST_FILE = CincyWineFest/Info.plist;
				INFOPLIST_KEY_UIApplicationSceneManifest_Generation = YES;
				INFOPLIST_KEY_UIApplicationSupportsIndirectInputEvents = YES;
				INFOPLIST_KEY_UILaunchScreen_Generation = YES;
				INFOPLIST_KEY_UIRequiresFullScreen = YES;
				INFOPLIST_KEY_UISupportedInterfaceOrientations = UIInterfaceOrientationPortrait;
				IPHONEOS_DEPLOYMENT_TARGET = 16.0;
				LD_RUNPATH_SEARCH_PATHS = (
					"$(inherited)",
					"@executable_path/Frameworks",
				);
				MARKETING_VERSION = 3.0;
				PRODUCT_BUNDLE_IDENTIFIER = com.zigamajig.CincyWineFest;
				PRODUCT_NAME = "$(TARGET_NAME)";
				SUPPORTED_PLATFORMS = "iphoneos iphonesimulator";
				SUPPORTS_MACCATALYST = NO;
				SWIFT_EMIT_LOC_STRINGS = YES;
				SWIFT_VERSION = 5.0;
				TARGETED_DEVICE_FAMILY = 1;
			};
			name = Release;
		};
/* End XCBuildConfiguration section */

/* Begin XCConfigurationList section */
		78774BC82B9410A900348786 /* Build configuration list for PBXProject "CincyWineFest" */ = {
			isa = XCConfigurationList;
			buildConfigurations = (
				78774BD92B9410AA00348786 /* Debug */,
				78774BDA2B9410AA00348786 /* Release */,
			);
			defaultConfigurationIsVisible = 0;
			defaultConfigurationName = Release;
		};
		78774BDB2B9410AA00348786 /* Build configuration list for PBXNativeTarget "CincyWineFest" */ = {
			isa = XCConfigurationList;
			buildConfigurations = (
				78774BDC2B9410AA00348786 /* Debug */,
				78774BDD2B9410AA00348786 /* Release */,
			);
			defaultConfigurationIsVisible = 0;
			defaultConfigurationName = Release;
		};
/* End XCConfigurationList section */
	};
	rootObject = 78774BC52B9410A900348786 /* Project object */;
}
